# Exact package versions used to produce the TMLR paper results.
# Generated from results/environment.json captured on the SageMaker run (commit fffe764).
# Hardware: ml.c5.18xlarge (72 vCPUs, 144 GB RAM), Python 3.9.6.
#
# Use this for exact reproduction:
#   pip install -r requirements.lock
#   pip install -e .
#
# requirements.txt uses version ranges suitable for general installation.
# This file pins exact versions for experiment reproducibility.

# Core scientific stack
xgboost==2.1.4
shap==0.49.1
scikit-learn==1.6.1
numpy==2.0.2
pandas==2.3.3
scipy==1.13.1
matplotlib==3.9.4
joblib==1.5.3
tqdm==4.67.3
psutil==7.0.0
numba==0.60.0

# Transitive dependencies (pinned for reproducibility)
cloudpickle==3.1.2
contourpy==1.3.0
cycler==0.12.1
fonttools==4.60.2
importlib_metadata==8.7.0
importlib_resources==6.5.2
kiwisolver==1.4.7
llvmlite==0.43.0
packaging==25.0
pillow==11.3.0
pyparsing==3.3.2
python-dateutil==2.9.0.post0
pytz==2026.1.post1
six==1.15.0
slicer==0.0.8
threadpoolctl==3.6.0
typing_extensions==4.14.0
tzdata==2025.3
zipp==3.22.0
